
Microsoft Visual Studio Solution File, Format Version 12.00
# Visual Studio Version 16
VisualStudioVersion = 16.0.29503.13
MinimumVisualStudioVersion = 10.0.40219.1
Project("{FAE04EC0-301F-11D3-BF4B-00C04F79EFBC}") = "YuurianCalendarApp", "YuurianCalendarApp\YuurianCalendarApp.csproj", "{3C6CEDED-A6C4-4112-92F0-8743FDB5FCCC}"
EndProject
Project("{FAE04EC0-301F-11D3-BF4B-00C04F79EFBC}") = "YuurianCalendarUnitTestProject", "YuurianCalendarUnitTestProject\YuurianCalendarUnitTestProject.csproj", "{B4033A2E-D081-490A-9457-5C903CFEE1C3}"
EndProject
Global
	GlobalSection(SolutionConfigurationPlatforms) = preSolution
		Debug|Any CPU = Debug|Any CPU
		Release|Any CPU = Release|Any CPU
	EndGlobalSection
	GlobalSection(ProjectConfigurationPlatforms) = postSolution
		{3C6CEDED-A6C4-4112-92F0-8743FDB5FCCC}.Debug|Any CPU.ActiveCfg = Debug|Any CPU
		{3C6CEDED-A6C4-4112-92F0-8743FDB5FCCC}.Debug|Any CPU.Build.0 = Debug|Any CPU
		{3C6CEDED-A6C4-4112-92F0-8743FDB5FCCC}.Release|Any CPU.ActiveCfg = Release|Any CPU
		{3C6CEDED-A6C4-4112-92F0-8743FDB5FCCC}.Release|Any CPU.Build.0 = Release|Any CPU
		{B4033A2E-D081-490A-9457-5C903CFEE1C3}.Debug|Any CPU.ActiveCfg = Debug|Any CPU
		{B4033A2E-D081-490A-9457-5C903CFEE1C3}.Debug|Any CPU.Build.0 = Debug|Any CPU
		{B4033A2E-D081-490A-9457-5C903CFEE1C3}.Release|Any CPU.ActiveCfg = Release|Any CPU
		{B4033A2E-D081-490A-9457-5C903CFEE1C3}.Release|Any CPU.Build.0 = Release|Any CPU
	EndGlobalSection
	GlobalSection(SolutionProperties) = preSolution
		HideSolutionNode = FALSE
	EndGlobalSection
	GlobalSection(ExtensibilityGlobals) = postSolution
		SolutionGuid = {1B94E0F1-0C98-4BA9-BA21-BF7925C453B0}
	EndGlobalSection
EndGlobal
